// !$*UTF8*$!
{
	archiveVersion = 1;
	classes = {
	};
	objectVersion = 77;
	objects = {

/* Begin PBXBuildFile section */
		277216272D8C127300F4E203 /* FamilyControls.framework in Frameworks */ = {isa = PBXBuildFile; fileRef = 277216262D8C127300F4E203 /* FamilyControls.framework */; };
		277216292D8C128800F4E203 /* ManagedSettings.framework in Frameworks */ = {isa = PBXBuildFile; fileRef = 277216282D8C128800F4E203 /* ManagedSettings.framework */; };
		2772162B2D8C129100F4E203 /* DeviceActivity.framework in Frameworks */ = {isa = PBXBuildFile; fileRef = 2772162A2D8C129100F4E203 /* DeviceActivity.framework */; };
/* End PBXBuildFile section */

/* Begin PBXContainerItemProxy section */
		27E255212D88FDF30009A767 /* PBXContainerItemProxy */ = {
			isa = PBXContainerItemProxy;
			containerPortal = 27E255082D88FDED0009A767 /* Project object */;
			proxyType = 1;
			remoteGlobalIDString = 27E2550F2D88FDEE0009A767;
			remoteInfo = lockedin;
		};
		27E2552B2D88FDF30009A767 /* PBXContainerItemProxy */ = {
			isa = PBXContainerItemProxy;
			containerPortal = 27E255082D88FDED0009A767 /* Project object */;
			proxyType = 1;
			remoteGlobalIDString = 27E2550F2D88FDEE0009A767;
			remoteInfo = lockedin;
		};
/* End PBXContainerItemProxy section */

/* Begin PBXFileReference section */
		277216262D8C127300F4E203 /* FamilyControls.framework */ = {isa = PBXFileReference; lastKnownFileType = wrapper.framework; name = FamilyControls.framework; path = System/Library/Frameworks/FamilyControls.framework; sourceTree = SDKROOT; };
		277216282D8C128800F4E203 /* ManagedSettings.framework */ = {isa = PBXFileReference; lastKnownFileType = wrapper.framework; name = ManagedSettings.framework; path = System/Library/Frameworks/ManagedSettings.framework; sourceTree = SDKROOT; };
		2772162A2D8C129100F4E203 /* DeviceActivity.framework */ = {isa = PBXFileReference; lastKnownFileType = wrapper.framework; name = DeviceActivity.framework; path = System/Library/Frameworks/DeviceActivity.framework; sourceTree = SDKROOT; };
		27E255102D88FDEE0009A767 /* lockedin.app */ = {isa = PBXFileReference; explicitFileType = wrapper.application; includeInIndex = 0; path = lockedin.app; sourceTree = BUILT_PRODUCTS_DIR; };
		27E255202D88FDF30009A767 /* lockedinTests.xctest */ = {isa = PBXFileReference; explicitFileType = wrapper.cfbundle; includeInIndex = 0; path = lockedinTests.xctest; sourceTree = BUILT_PRODUCTS_DIR; };
		27E2552A2D88FDF30009A767 /* lockedinUITests.xctest */ = {isa = PBXFileReference; explicitFileType = wrapper.cfbundle; includeInIndex = 0; path = lockedinUITests.xctest; sourceTree = BUILT_PRODUCTS_DIR; };
/* End PBXFileReference section */

/* Begin PBXFileSystemSynchronizedBuildFileExceptionSet section */
		277216202D8C0F4400F4E203 /* Exceptions for "lockedin" folder in "lockedin" target */ = {
			isa = PBXFileSystemSynchronizedBuildFileExceptionSet;
			membershipExceptions = (
				Info.plist,
			);
			target = 27E2550F2D88FDEE0009A767 /* lockedin */;
		};
/* End PBXFileSystemSynchronizedBuildFileExceptionSet section */

/* Begin PBXFileSystemSynchronizedRootGroup section */
		27E255122D88FDEE0009A767 /* lockedin */ = {
			isa = PBXFileSystemSynchronizedRootGroup;
			exceptions = (
				277216202D8C0F4400F4E203 /* Exceptions for "lockedin" folder in "lockedin" target */,
			);
			path = lockedin;
			sourceTree = "<group>";
		};
		27E255232D88FDF30009A767 /* lockedinTests */ = {
			isa = PBXFileSystemSynchronizedRootGroup;
			path = lockedinTests;
			sourceTree = "<group>";
		};
		27E2552D2D88FDF30009A767 /* lockedinUITests */ = {
			isa = PBXFileSystemSynchronizedRootGroup;
			path = lockedinUITests;
			sourceTree = "<group>";
		};
/* End PBXFileSystemSynchronizedRootGroup section */

/* Begin PBXFrameworksBuildPhase section */
		27E2550D2D88FDEE0009A767 /* Frameworks */ = {
			isa = PBXFrameworksBuildPhase;
			buildActionMask = 2147483647;
			files = (
				277216272D8C127300F4E203 /* FamilyControls.framework in Frameworks */,
				277216292D8C128800F4E203 /* ManagedSettings.framework in Frameworks */,
				2772162B2D8C129100F4E203 /* DeviceActivity.framework in Frameworks */,
			);
			runOnlyForDeploymentPostprocessing = 0;
		};
		27E2551D2D88FDF30009A767 /* Frameworks */ = {
			isa = PBXFrameworksBuildPhase;
			buildActionMask = 2147483647;
			files = (
			);
			runOnlyForDeploymentPostprocessing = 0;
		};
		27E255272D88FDF30009A767 /* Frameworks */ = {
			isa = PBXFrameworksBuildPhase;
			buildActionMask = 2147483647;
			files = (
			);
			runOnlyForDeploymentPostprocessing = 0;
		};
/* End PBXFrameworksBuildPhase section */

/* Begin PBXGroup section */
		277216252D8C127300F4E203 /* Frameworks */ = {
			isa = PBXGroup;
			children = (
				2772162A2D8C129100F4E203 /* DeviceActivity.framework */,
				277216282D8C128800F4E203 /* ManagedSettings.framework */,
				277216262D8C127300F4E203 /* FamilyControls.framework */,
			);
			name = Frameworks;
			sourceTree = "<group>";
		};
		27E255072D88FDED0009A767 = {
			isa = PBXGroup;
			children = (
				27E255122D88FDEE0009A767 /* lockedin */,
				27E255232D88FDF30009A767 /* lockedinTests */,
				27E2552D2D88FDF30009A767 /* lockedinUITests */,
				277216252D8C127300F4E203 /* Frameworks */,
				27E255112D88FDEE0009A767 /* Products */,
			);
			sourceTree = "<group>";
		};
		27E255112D88FDEE0009A767 /* Products */ = {
			isa = PBXGroup;
			children = (
				27E255102D88FDEE0009A767 /* lockedin.app */,
				27E255202D88FDF30009A767 /* lockedinTests.xctest */,
				27E2552A2D88FDF30009A767 /* lockedinUITests.xctest */,
			);
			name = Products;
			sourceTree = "<group>";
		};
/* End PBXGroup section */

/* Begin PBXNativeTarget section */
		27E2550F2D88FDEE0009A767 /* lockedin */ = {
			isa = PBXNativeTarget;
			buildConfigurationList = 27E255342D88FDF30009A767 /* Build configuration list for PBXNativeTarget "lockedin" */;
			buildPhases = (
				27E2550C2D88FDEE0009A767 /* Sources */,
				27E2550D2D88FDEE0009A767 /* Frameworks */,
				27E2550E2D88FDEE0009A767 /* Resources */,
			);
			buildRules = (
			);
			dependencies = (
			);
			fileSystemSynchronizedGroups = (
				27E255122D88FDEE0009A767 /* lockedin */,
			);
			name = lockedin;
			packageProductDependencies = (
			);
			productName = lockedin;
			productReference = 27E255102D88FDEE0009A767 /* lockedin.app */;
			productType = "com.apple.product-type.application";
		};
		27E2551F2D88FDF30009A767 /* lockedinTests */ = {
			isa = PBXNativeTarget;
			buildConfigurationList = 27E255372D88FDF30009A767 /* Build configuration list for PBXNativeTarget "lockedinTests" */;
			buildPhases = (
				27E2551C2D88FDF30009A767 /* Sources */,
				27E2551D2D88FDF30009A767 /* Frameworks */,
				27E2551E2D88FDF30009A767 /* Resources */,
			);
			buildRules = (
			);
			dependencies = (
				27E255222D88FDF30009A767 /* PBXTargetDependency */,
			);
			fileSystemSynchronizedGroups = (
				27E255232D88FDF30009A767 /* lockedinTests */,
			);
			name = lockedinTests;
			packageProductDependencies = (
			);
			productName = lockedinTests;
			productReference = 27E255202D88FDF30009A767 /* lockedinTests.xctest */;
			productType = "com.apple.product-type.bundle.unit-test";
		};
		27E255292D88FDF30009A767 /* lockedinUITests */ = {
			isa = PBXNativeTarget;
			buildConfigurationList = 27E2553A2D88FDF30009A767 /* Build configuration list for PBXNativeTarget "lockedinUITests" */;
			buildPhases = (
				27E255262D88FDF30009A767 /* Sources */,
				27E255272D88FDF30009A767 /* Frameworks */,
				27E255282D88FDF30009A767 /* Resources */,
			);
			buildRules = (
			);
			dependencies = (
				27E2552C2D88FDF30009A767 /* PBXTargetDependency */,
			);
			fileSystemSynchronizedGroups = (
				27E2552D2D88FDF30009A767 /* lockedinUITests */,
			);
			name = lockedinUITests;
			packageProductDependencies = (
			);
			productName = lockedinUITests;
			productReference = 27E2552A2D88FDF30009A767 /* lockedinUITests.xctest */;
			productType = "com.apple.product-type.bundle.ui-testing";
		};
/* End PBXNativeTarget section */

/* Begin PBXProject section */
		27E255082D88FDED0009A767 /* Project object */ = {
			isa = PBXProject;
			attributes = {
				BuildIndependentTargetsInParallel = 1;
				LastSwiftUpdateCheck = 1620;
				LastUpgradeCheck = 1620;
				TargetAttributes = {
					27E2550F2D88FDEE0009A767 = {
						CreatedOnToolsVersion = 16.2;
					};
					27E2551F2D88FDF30009A767 = {
						CreatedOnToolsVersion = 16.2;
						TestTargetID = 27E2550F2D88FDEE0009A767;
					};
					27E255292D88FDF30009A767 = {
						CreatedOnToolsVersion = 16.2;
						TestTargetID = 27E2550F2D88FDEE0009A767;
					};
				};
			};
			buildConfigurationList = 27E2550B2D88FDED0009A767 /* Build configuration list for PBXProject "lockedin" */;
			developmentRegion = en;
			hasScannedForEncodings = 0;
			knownRegions = (
				en,
				Base,
			);
			mainGroup = 27E255072D88FDED0009A767;
			minimizedProjectReferenceProxies = 1;
			preferredProjectObjectVersion = 77;
			productRefGroup = 27E255112D88FDEE0009A767 /* Products */;
			projectDirPath = "";
			projectRoot = "";
			targets = (
				27E2550F2D88FDEE0009A767 /* lockedin */,
				27E2551F2D88FDF30009A767 /* lockedinTests */,
				27E255292D88FDF30009A767 /* lockedinUITests */,
			);
		};
/* End PBXProject section */

/* Begin PBXResourcesBuildPhase section */
		27E2550E2D88FDEE0009A767 /* Resources */ = {
			isa = PBXResourcesBuildPhase;
			buildActionMask = 2147483647;
			files = (
			);
			runOnlyForDeploymentPostprocessing = 0;
		};
		27E2551E2D88FDF30009A767 /* Resources */ = {
			isa = PBXResourcesBuildPhase;
			buildActionMask = 2147483647;
			files = (
			);
			runOnlyForDeploymentPostprocessing = 0;
		};
		27E255282D88FDF30009A767 /* Resources */ = {
			isa = PBXResourcesBuildPhase;
			buildActionMask = 2147483647;
			files = (
			);
			runOnlyForDeploymentPostprocessing = 0;
		};
/* End PBXResourcesBuildPhase section */

/* Begin PBXSourcesBuildPhase section */
		27E2550C2D88FDEE0009A767 /* Sources */ = {
			isa = PBXSourcesBuildPhase;
			buildActionMask = 2147483647;
			files = (
			);
			runOnlyForDeploymentPostprocessing = 0;
		};
		27E2551C2D88FDF30009A767 /* Sources */ = {
			isa = PBXSourcesBuildPhase;
			buildActionMask = 2147483647;
			files = (
			);
			runOnlyForDeploymentPostprocessing = 0;
		};
		27E255262D88FDF30009A767 /* Sources */ = {
			isa = PBXSourcesBuildPhase;
			buildActionMask = 2147483647;
			files = (
			);
			runOnlyForDeploymentPostprocessing = 0;
		};
/* End PBXSourcesBuildPhase section */

/* Begin PBXTargetDependency section */
		27E255222D88FDF30009A767 /* PBXTargetDependency */ = {
			isa = PBXTargetDependency;
			target = 27E2550F2D88FDEE0009A767 /* lockedin */;
			targetProxy = 27E255212D88FDF30009A767 /* PBXContainerItemProxy */;
		};
		27E2552C2D88FDF30009A767 /* PBXTargetDependency */ = {
			isa = PBXTargetDependency;
			target = 27E2550F2D88FDEE0009A767 /* lockedin */;
			targetProxy = 27E2552B2D88FDF30009A767 /* PBXContainerItemProxy */;
		};
/* End PBXTargetDependency section */

/* Begin XCBuildConfiguration section */
		27E255322D88FDF30009A767 /* Debug */ = {
			isa = XCBuildConfiguration;
			buildSettings = {
				ALWAYS_SEARCH_USER_PATHS = NO;
				ASSETCATALOG_COMPILER_GENERATE_SWIFT_ASSET_SYMBOL_EXTENSIONS = YES;
				CLANG_ANALYZER_NONNULL = YES;
				CLANG_ANALYZER_NUMBER_OBJECT_CONVERSION = YES_AGGRESSIVE;
				CLANG_CXX_LANGUAGE_STANDARD = "gnu++20";
				CLANG_ENABLE_MODULES = YES;
				CLANG_ENABLE_OBJC_ARC = YES;
				CLANG_ENABLE_OBJC_WEAK = YES;
				CLANG_WARN_BLOCK_CAPTURE_AUTORELEASING = YES;
				CLANG_WARN_BOOL_CONVERSION = YES;
				CLANG_WARN_COMMA = YES;
				CLANG_WARN_CONSTANT_CONVERSION = YES;
				CLANG_WARN_DEPRECATED_OBJC_IMPLEMENTATIONS = YES;
				CLANG_WARN_DIRECT_OBJC_ISA_USAGE = YES_ERROR;
				CLANG_WARN_DOCUMENTATION_COMMENTS = YES;
				CLANG_WARN_EMPTY_BODY = YES;
				CLANG_WARN_ENUM_CONVERSION = YES;
				CLANG_WARN_INFINITE_RECURSION = YES;
				CLANG_WARN_INT_CONVERSION = YES;
				CLANG_WARN_NON_LITERAL_NULL_CONVERSION = YES;
				CLANG_WARN_OBJC_IMPLICIT_RETAIN_SELF = YES;
				CLANG_WARN_OBJC_LITERAL_CONVERSION = YES;
				CLANG_WARN_OBJC_ROOT_CLASS = YES_ERROR;
				CLANG_WARN_QUOTED_INCLUDE_IN_FRAMEWORK_HEADER = YES;
				CLANG_WARN_RANGE_LOOP_ANALYSIS = YES;
				CLANG_WARN_STRICT_PROTOTYPES = YES;
				CLANG_WARN_SUSPICIOUS_MOVE = YES;
				CLANG_WARN_UNGUARDED_AVAILABILITY = YES_AGGRESSIVE;
				CLANG_WARN_UNREACHABLE_CODE = YES;
				CLANG_WARN__DUPLICATE_METHOD_MATCH = YES;
				COPY_PHASE_STRIP = NO;
				DEBUG_INFORMATION_FORMAT = dwarf;
				ENABLE_STRICT_OBJC_MSGSEND = YES;
				ENABLE_TESTABILITY = YES;
				ENABLE_USER_SCRIPT_SANDBOXING = YES;
				GCC_C_LANGUAGE_STANDARD = gnu17;
				GCC_DYNAMIC_NO_PIC = NO;
				GCC_NO_COMMON_BLOCKS = YES;
				GCC_OPTIMIZATION_LEVEL = 0;
				GCC_PREPROCESSOR_DEFINITIONS = (
					"DEBUG=1",
					"$(inherited)",
				);
				GCC_WARN_64_TO_32_BIT_CONVERSION = YES;
				GCC_WARN_ABOUT_RETURN_TYPE = YES_ERROR;
				GCC_WARN_UNDECLARED_SELECTOR = YES;
				GCC_WARN_UNINITIALIZED_AUTOS = YES_AGGRESSIVE;
				GCC_WARN_UNUSED_FUNCTION = YES;
				GCC_WARN_UNUSED_VARIABLE = YES;
				IPHONEOS_DEPLOYMENT_TARGET = 18.2;
				LOCALIZATION_PREFERS_STRING_CATALOGS = YES;
				MTL_ENABLE_DEBUG_INFO = INCLUDE_SOURCE;
				MTL_FAST_MATH = YES;
				ONLY_ACTIVE_ARCH = YES;
				SDKROOT = iphoneos;
				SWIFT_ACTIVE_COMPILATION_CONDITIONS = "DEBUG $(inherited)";
				SWIFT_OPTIMIZATION_LEVEL = "-Onone";
			};
			name = Debug;
		};
		27E255332D88FDF30009A767 /* Release */ = {
			isa = XCBuildConfiguration;
			buildSettings = {
				ALWAYS_SEARCH_USER_PATHS = NO;
				ASSETCATALOG_COMPILER_GENERATE_SWIFT_ASSET_SYMBOL_EXTENSIONS = YES;
				CLANG_ANALYZER_NONNULL = YES;
				CLANG_ANALYZER_NUMBER_OBJECT_CONVERSION = YES_AGGRESSIVE;
				CLANG_CXX_LANGUAGE_STANDARD = "gnu++20";
				CLANG_ENABLE_MODULES = YES;
				CLANG_ENABLE_OBJC_ARC = YES;
				CLANG_ENABLE_OBJC_WEAK = YES;
				CLANG_WARN_BLOCK_CAPTURE_AUTORELEASING = YES;
				CLANG_WARN_BOOL_CONVERSION = YES;
				CLANG_WARN_COMMA = YES;
				CLANG_WARN_CONSTANT_CONVERSION = YES;
				CLANG_WARN_DEPRECATED_OBJC_IMPLEMENTATIONS = YES;
				CLANG_WARN_DIRECT_OBJC_ISA_USAGE = YES_ERROR;
				CLANG_WARN_DOCUMENTATION_COMMENTS = YES;
				CLANG_WARN_EMPTY_BODY = YES;
				CLANG_WARN_ENUM_CONVERSION = YES;
				CLANG_WARN_INFINITE_RECURSION = YES;
				CLANG_WARN_INT_CONVERSION = YES;
				CLANG_WARN_NON_LITERAL_NULL_CONVERSION = YES;
				CLANG_WARN_OBJC_IMPLICIT_RETAIN_SELF = YES;
				CLANG_WARN_OBJC_LITERAL_CONVERSION = YES;
				CLANG_WARN_OBJC_ROOT_CLASS = YES_ERROR;
				CLANG_WARN_QUOTED_INCLUDE_IN_FRAMEWORK_HEADER = YES;
				CLANG_WARN_RANGE_LOOP_ANALYSIS = YES;
				CLANG_WARN_STRICT_PROTOTYPES = YES;
				CLANG_WARN_SUSPICIOUS_MOVE = YES;
				CLANG_WARN_UNGUARDED_AVAILABILITY = YES_AGGRESSIVE;
				CLANG_WARN_UNREACHABLE_CODE = YES;
				CLANG_WARN__DUPLICATE_METHOD_MATCH = YES;
				COPY_PHASE_STRIP = NO;
				DEBUG_INFORMATION_FORMAT = "dwarf-with-dsym";
				ENABLE_NS_ASSERTIONS = NO;
				ENABLE_STRICT_OBJC_MSGSEND = YES;
				ENABLE_USER_SCRIPT_SANDBOXING = YES;
				GCC_C_LANGUAGE_STANDARD = gnu17;
				GCC_NO_COMMON_BLOCKS = YES;
				GCC_WARN_64_TO_32_BIT_CONVERSION = YES;
				GCC_WARN_ABOUT_RETURN_TYPE = YES_ERROR;
				GCC_WARN_UNDECLARED_SELECTOR = YES;
				GCC_WARN_UNINITIALIZED_AUTOS = YES_AGGRESSIVE;
				GCC_WARN_UNUSED_FUNCTION = YES;
				GCC_WARN_UNUSED_VARIABLE = YES;
				IPHONEOS_DEPLOYMENT_TARGET = 18.2;
				LOCALIZATION_PREFERS_STRING_CATALOGS = YES;
				MTL_ENABLE_DEBUG_INFO = NO;
				MTL_FAST_MATH = YES;
				SDKROOT = iphoneos;
				SWIFT_COMPILATION_MODE = wholemodule;
				VALIDATE_PRODUCT = YES;
			};
			name = Release;
		};
		27E255352D88FDF30009A767 /* Debug */ = {
			isa = XCBuildConfiguration;
			buildSettings = {
				ASSETCATALOG_COMPILER_APPICON_NAME = AppIcon;
				ASSETCATALOG_COMPILER_GLOBAL_ACCENT_COLOR_NAME = AccentColor;
				CODE_SIGN_ENTITLEMENTS = lockedin/lockedin.entitlements;
				CODE_SIGN_STYLE = Automatic;
				CURRENT_PROJECT_VERSION = 1;
				DEVELOPMENT_ASSET_PATHS = "\"lockedin/Preview Content\"";
				DEVELOPMENT_TEAM = K5F4889226;
				ENABLE_PREVIEWS = YES;
				GENERATE_INFOPLIST_FILE = YES;
				INFOPLIST_FILE = lockedin/Info.plist;
				INFOPLIST_KEY_CFBundleDisplayName = Bloom;
				INFOPLIST_KEY_LSApplicationCategoryType = "public.app-category.productivity";
				INFOPLIST_KEY_NSCameraUsageDescription = "LockedIn needs camera access to take photos as evidence of completed tasks.";
				INFOPLIST_KEY_NSPhotoLibraryUsageDescription = "LockedIn needs access to your photos so you can submit evidence of completed tasks.";
				INFOPLIST_KEY_NSUserTrackingUsageDescription = "Bloomer requires access to Screen Time data to restrict distracting apps until your tasks are completed.";
				INFOPLIST_KEY_UIApplicationSceneManifest_Generation = YES;
				INFOPLIST_KEY_UIApplicationSupportsIndirectInputEvents = YES;
				INFOPLIST_KEY_UILaunchScreen_Generation = YES;
				INFOPLIST_KEY_UISupportedInterfaceOrientations_iPad = "UIInterfaceOrientationPortrait UIInterfaceOrientationPortraitUpsideDown UIInterfaceOrientationLandscapeLeft UIInterfaceOrientationLandscapeRight";
				INFOPLIST_KEY_UISupportedInterfaceOrientations_iPhone = "UIInterfaceOrientationPortrait UIInterfaceOrientationLandscapeLeft UIInterfaceOrientationLandscapeRight";
				IPHONEOS_DEPLOYMENT_TARGET = 16.6;
				LD_RUNPATH_SEARCH_PATHS = (
					"$(inherited)",
					"@executable_path/Frameworks",
				);
				MARKETING_VERSION = 1.0;
				PRODUCT_BUNDLE_IDENTIFIER = vivendi.lockedin;
				PRODUCT_NAME = "$(TARGET_NAME)";
				SWIFT_EMIT_LOC_STRINGS = YES;
				SWIFT_VERSION = 5.0;
				TARGETED_DEVICE_FAMILY = "1,2";
			};
			name = Debug;
		};
		27E255362D88FDF30009A767 /* Release */ = {
			isa = XCBuildConfiguration;
			buildSettings = {
				ASSETCATALOG_COMPILER_APPICON_NAME = AppIcon;
				ASSETCATALOG_COMPILER_GLOBAL_ACCENT_COLOR_NAME = AccentColor;
				CODE_SIGN_ENTITLEMENTS = lockedin/lockedin.entitlements;
				CODE_SIGN_STYLE = Automatic;
				CURRENT_PROJECT_VERSION = 1;
				DEVELOPMENT_ASSET_PATHS = "\"lockedin/Preview Content\"";
				DEVELOPMENT_TEAM = K5F4889226;
				ENABLE_PREVIEWS = YES;
				GENERATE_INFOPLIST_FILE = YES;
				INFOPLIST_FILE = lockedin/Info.plist;
				INFOPLIST_KEY_CFBundleDisplayName = Bloom;
				INFOPLIST_KEY_LSApplicationCategoryType = "public.app-category.productivity";
				INFOPLIST_KEY_NSCameraUsageDescription = "LockedIn needs camera access to take photos as evidence of completed tasks.";
				INFOPLIST_KEY_NSPhotoLibraryUsageDescription = "LockedIn needs access to your photos so you can submit evidence of completed tasks.";
				INFOPLIST_KEY_NSUserTrackingUsageDescription = "Bloomer requires access to Screen Time data to restrict distracting apps until your tasks are completed.";
				INFOPLIST_KEY_UIApplicationSceneManifest_Generation = YES;
				INFOPLIST_KEY_UIApplicationSupportsIndirectInputEvents = YES;
				INFOPLIST_KEY_UILaunchScreen_Generation = YES;
				INFOPLIST_KEY_UISupportedInterfaceOrientations_iPad = "UIInterfaceOrientationPortrait UIInterfaceOrientationPortraitUpsideDown UIInterfaceOrientationLandscapeLeft UIInterfaceOrientationLandscapeRight";
				INFOPLIST_KEY_UISupportedInterfaceOrientations_iPhone = "UIInterfaceOrientationPortrait UIInterfaceOrientationLandscapeLeft UIInterfaceOrientationLandscapeRight";
				IPHONEOS_DEPLOYMENT_TARGET = 16.6;
				LD_RUNPATH_SEARCH_PATHS = (
					"$(inherited)",
					"@executable_path/Frameworks",
				);
				MARKETING_VERSION = 1.0;
				PRODUCT_BUNDLE_IDENTIFIER = vivendi.lockedin;
				PRODUCT_NAME = "$(TARGET_NAME)";
				SWIFT_EMIT_LOC_STRINGS = YES;
				SWIFT_VERSION = 5.0;
				TARGETED_DEVICE_FAMILY = "1,2";
			};
			name = Release;
		};
		27E255382D88FDF30009A767 /* Debug */ = {
			isa = XCBuildConfiguration;
			buildSettings = {
				BUNDLE_LOADER = "$(TEST_HOST)";
				CODE_SIGN_STYLE = Automatic;
				CURRENT_PROJECT_VERSION = 1;
				DEVELOPMENT_TEAM = K5F4889226;
				GENERATE_INFOPLIST_FILE = YES;
				IPHONEOS_DEPLOYMENT_TARGET = 18.2;
				MARKETING_VERSION = 1.0;
				PRODUCT_BUNDLE_IDENTIFIER = vivendi.lockedinTests;
				PRODUCT_NAME = "$(TARGET_NAME)";
				SWIFT_EMIT_LOC_STRINGS = NO;
				SWIFT_VERSION = 5.0;
				TARGETED_DEVICE_FAMILY = "1,2";
				TEST_HOST = "$(BUILT_PRODUCTS_DIR)/lockedin.app/$(BUNDLE_EXECUTABLE_FOLDER_PATH)/lockedin";
			};
			name = Debug;
		};
		27E255392D88FDF30009A767 /* Release */ = {
			isa = XCBuildConfiguration;
			buildSettings = {
				BUNDLE_LOADER = "$(TEST_HOST)";
				CODE_SIGN_STYLE = Automatic;
				CURRENT_PROJECT_VERSION = 1;
				DEVELOPMENT_TEAM = K5F4889226;
				GENERATE_INFOPLIST_FILE = YES;
				IPHONEOS_DEPLOYMENT_TARGET = 18.2;
				MARKETING_VERSION = 1.0;
				PRODUCT_BUNDLE_IDENTIFIER = vivendi.lockedinTests;
				PRODUCT_NAME = "$(TARGET_NAME)";
				SWIFT_EMIT_LOC_STRINGS = NO;
				SWIFT_VERSION = 5.0;
				TARGETED_DEVICE_FAMILY = "1,2";
				TEST_HOST = "$(BUILT_PRODUCTS_DIR)/lockedin.app/$(BUNDLE_EXECUTABLE_FOLDER_PATH)/lockedin";
			};
			name = Release;
		};
		27E2553B2D88FDF30009A767 /* Debug */ = {
			isa = XCBuildConfiguration;
			buildSettings = {
				CODE_SIGN_STYLE = Automatic;
				CURRENT_PROJECT_VERSION = 1;
				DEVELOPMENT_TEAM = K5F4889226;
				GENERATE_INFOPLIST_FILE = YES;
				MARKETING_VERSION = 1.0;
				PRODUCT_BUNDLE_IDENTIFIER = vivendi.lockedinUITests;
				PRODUCT_NAME = "$(TARGET_NAME)";
				SWIFT_EMIT_LOC_STRINGS = NO;
				SWIFT_VERSION = 5.0;
				TARGETED_DEVICE_FAMILY = "1,2";
				TEST_TARGET_NAME = lockedin;
			};
			name = Debug;
		};
		27E2553C2D88FDF30009A767 /* Release */ = {
			isa = XCBuildConfiguration;
			buildSettings = {
				CODE_SIGN_STYLE = Automatic;
				CURRENT_PROJECT_VERSION = 1;
				DEVELOPMENT_TEAM = K5F4889226;
				GENERATE_INFOPLIST_FILE = YES;
				MARKETING_VERSION = 1.0;
				PRODUCT_BUNDLE_IDENTIFIER = vivendi.lockedinUITests;
				PRODUCT_NAME = "$(TARGET_NAME)";
				SWIFT_EMIT_LOC_STRINGS = NO;
				SWIFT_VERSION = 5.0;
				TARGETED_DEVICE_FAMILY = "1,2";
				TEST_TARGET_NAME = lockedin;
			};
			name = Release;
		};
/* End XCBuildConfiguration section */

/* Begin XCConfigurationList section */
		27E2550B2D88FDED0009A767 /* Build configuration list for PBXProject "lockedin" */ = {
			isa = XCConfigurationList;
			buildConfigurations = (
				27E255322D88FDF30009A767 /* Debug */,
				27E255332D88FDF30009A767 /* Release */,
			);
			defaultConfigurationIsVisible = 0;
			defaultConfigurationName = Release;
		};
		27E255342D88FDF30009A767 /* Build configuration list for PBXNativeTarget "lockedin" */ = {
			isa = XCConfigurationList;
			buildConfigurations = (
				27E255352D88FDF30009A767 /* Debug */,
				27E255362D88FDF30009A767 /* Release */,
			);
			defaultConfigurationIsVisible = 0;
			defaultConfigurationName = Release;
		};
		27E255372D88FDF30009A767 /* Build configuration list for PBXNativeTarget "lockedinTests" */ = {
			isa = XCConfigurationList;
			buildConfigurations = (
				27E255382D88FDF30009A767 /* Debug */,
				27E255392D88FDF30009A767 /* Release */,
			);
			defaultConfigurationIsVisible = 0;
			defaultConfigurationName = Release;
		};
		27E2553A2D88FDF30009A767 /* Build configuration list for PBXNativeTarget "lockedinUITests" */ = {
			isa = XCConfigurationList;
			buildConfigurations = (
				27E2553B2D88FDF30009A767 /* Debug */,
				27E2553C2D88FDF30009A767 /* Release */,
			);
			defaultConfigurationIsVisible = 0;
			defaultConfigurationName = Release;
		};
/* End XCConfigurationList section */
	};
	rootObject = 27E255082D88FDED0009A767 /* Project object */;
}
